version = 1
revision = 2
requires-python = ">=3.13"

[[package]]
name = "basedpyright"
version = "1.30.1"
source = { registry = "https://pypi.org/simple" }
dependencies = [
    { name = "nodejs-wheel-binaries" },
]
sdist = { url = "https://files.pythonhosted.org/packages/15/aa/7b15082f749a13e6c8494bab9413d589b849d52957da1e898409b5259712/basedpyright-1.30.1.tar.gz", hash = "sha256:fe33afd16200202fff4aa3f91ac2c2958af35461c801cb8bbff60ca29093a2cb", size = 22059762, upload-time = "2025-07-10T08:47:16.787Z" }
wheels = [
    { url = "https://files.pythonhosted.org/packages/2c/90/95b04aee796f471ac8cb5f8794936065490e3c04944423db2f9ec0a973b8/basedpyright-1.30.1-py3-none-any.whl", hash = "sha256:5afdf6e2ab94f098cd0004a4e3b198a5e176b8eb8e08049542729a7f5beb0dcd", size = 11537793, upload-time = "2025-07-10T08:47:13.767Z" },
]

[[package]]
name = "data-dashboard"
version = "0.1.0"
source = { virtual = "." }
dependencies = [
    { name = "polars" },
]

[package.dev-dependencies]
dev = [
    { name = "basedpyright" },
]

[package.metadata]
requires-dist = [{ name = "polars", specifier = ">=1.26.0" }]

[package.metadata.requires-dev]
dev = [{ name = "basedpyright", specifier = ">=1.30.1" }]

[[package]]
name = "nodejs-wheel-binaries"
version = "22.17.0"
source = { registry = "https://pypi.org/simple" }
sdist = { url = "https://files.pythonhosted.org/packages/d3/86/8962d1d24ff480f4dd31871f42c8e0d8e2c851cd558a07ee689261d310ab/nodejs_wheel_binaries-22.17.0.tar.gz", hash = "sha256:529142012fb8fd20817ef70e2ef456274df4f49933292e312c8bbc7285af6408", size = 8068, upload-time = "2025-06-29T20:24:25.002Z" }
wheels = [
    { url = "https://files.pythonhosted.org/packages/5d/53/b942c6da4ff6f87a315033f6ff6fed8fd3c22047d7ff5802badaa5dfc2c2/nodejs_wheel_binaries-22.17.0-py2.py3-none-macosx_11_0_arm64.whl", hash = "sha256:6545a6f6d2f736d9c9e2eaad7e599b6b5b2d8fd4cbd2a1df0807cbcf51b9d39b", size = 51003554, upload-time = "2025-06-29T20:23:47.042Z" },
    { url = "https://files.pythonhosted.org/packages/e2/b7/7184a9ad2364912da22f2fe021dc4a3301721131ef7759aeb4a1f19db0b4/nodejs_wheel_binaries-22.17.0-py2.py3-none-macosx_11_0_x86_64.whl", hash = "sha256:4bea5b994dd87c20f8260031ea69a97c3d282e2d4472cc8908636a313a830d00", size = 51936848, upload-time = "2025-06-29T20:23:52.064Z" },
    { url = "https://files.pythonhosted.org/packages/e9/7a/0ea425147b8110b8fd65a6c21cfd3bd130cdec7766604361429ef870d799/nodejs_wheel_binaries-22.17.0-py2.py3-none-manylinux_2_17_aarch64.manylinux2014_aarch64.whl", hash = "sha256:885508615274a22499dd5314759c1cf96ba72de03e6485d73b3e5475e7f12662", size = 57925230, upload-time = "2025-06-29T20:23:56.81Z" },
    { url = "https://files.pythonhosted.org/packages/23/5f/10a3f2ac08a839d065d9ccfd6d9df66bc46e100eaf87a8a5cf149eb3fb8e/nodejs_wheel_binaries-22.17.0-py2.py3-none-manylinux_2_17_x86_64.manylinux2014_x86_64.whl", hash = "sha256:90f38ce034a602bcab534d55cbe0390521e73e5dcffdd1c4b34354b932172af2", size = 58457829, upload-time = "2025-06-29T20:24:01.945Z" },
    { url = "https://files.pythonhosted.org/packages/ed/a4/d2ca331e16eef0974eb53702df603c54f77b2a7e2007523ecdbf6cf61162/nodejs_wheel_binaries-22.17.0-py2.py3-none-musllinux_1_2_aarch64.whl", hash = "sha256:5eed087855b644c87001fe04036213193963ccd65e7f89949e9dbe28e7743d9b", size = 59778054, upload-time = "2025-06-29T20:24:07.14Z" },
    { url = "https://files.pythonhosted.org/packages/be/2b/04e0e7f7305fe2ba30fd4610bfb432516e0f65379fe6c2902f4b7b1ad436/nodejs_wheel_binaries-22.17.0-py2.py3-none-musllinux_1_2_x86_64.whl", hash = "sha256:715f413c81500f0770ea8936ef1fc2529b900da8054cbf6da67cec3ee308dc76", size = 60830079, upload-time = "2025-06-29T20:24:12.21Z" },
    { url = "https://files.pythonhosted.org/packages/ce/67/12070b24b88040c2d694883f3dcb067052f748798f4c63f7c865769a5747/nodejs_wheel_binaries-22.17.0-py2.py3-none-win_amd64.whl", hash = "sha256:51165630493c8dd4acfe1cae1684b76940c9b03f7f355597d55e2d056a572ddd", size = 40117877, upload-time = "2025-06-29T20:24:17.51Z" },
    { url = "https://files.pythonhosted.org/packages/2e/ec/53ac46af423527c23e40c7343189f2bce08a8337efedef4d8a33392cee23/nodejs_wheel_binaries-22.17.0-py2.py3-none-win_arm64.whl", hash = "sha256:fae56d172227671fccb04461d3cd2b26a945c6c7c7fc29edb8618876a39d8b4a", size = 38865278, upload-time = "2025-06-29T20:24:21.065Z" },
]

[[package]]
name = "polars"
version = "1.26.0"
source = { registry = "https://pypi.org/simple" }
sdist = { url = "https://files.pythonhosted.org/packages/72/c2/56a750b82e74c5af7b821215eab3ee992d9ef11310dad353f5b2086ef7db/polars-1.26.0.tar.gz", hash = "sha256:b5492d38e5ec2ae6a8853833c5a31549194a361b901134fc5f2f57b49bd563ea", size = 4522991, upload-time = "2025-03-23T11:53:37.373Z" }
wheels = [
    { url = "https://files.pythonhosted.org/packages/4a/99/ce4427576a6134504e6dd58f5d411d55b228a05950c5fff5b75e90263cb1/polars-1.26.0-cp39-abi3-macosx_10_12_x86_64.whl", hash = "sha256:2afefcd356608981b2e15d46df9ddaa6e77f36095ebeb73c3261e198bd51c925", size = 34767938, upload-time = "2025-03-23T11:52:27.477Z" },
    { url = "https://files.pythonhosted.org/packages/e3/0a/5c9455ff271c3583bf0fd505911e5787ca7bc0f247968853cb6dcfbedffb/polars-1.26.0-cp39-abi3-macosx_11_0_arm64.whl", hash = "sha256:587eb3c5000423eb20be998f523e605ddba0d3c598ba4a7e2a4d0b92b1fd2a7e", size = 31612374, upload-time = "2025-03-23T11:52:32.896Z" },
    { url = "https://files.pythonhosted.org/packages/6c/0a/c9e388b35533fc1827eaeb0f3940ba0a1058511bf77aaa689ebb1b0bef88/polars-1.26.0-cp39-abi3-manylinux_2_17_x86_64.manylinux2014_x86_64.whl", hash = "sha256:66c30f4b7e060c2e7f3a45d6ac94ab3b179831a2f1e629401bf7912d54311529", size = 35404704, upload-time = "2025-03-23T11:52:36.764Z" },
    { url = "https://files.pythonhosted.org/packages/e6/eb/b420131563a42ac0866224aa6284a356107d036c32d825c5478767a1446e/polars-1.26.0-cp39-abi3-manylinux_2_24_aarch64.whl", hash = "sha256:110d6987d37ae954a5ef16d739fb717df9d39b144790d12d98fb3e72ed35621c", size = 32569800, upload-time = "2025-03-23T11:52:40.68Z" },
    { url = "https://files.pythonhosted.org/packages/e9/8d/b28ae5d63a4bafdfe81d132efc6b8d076ef2c866ecbf5d24ca3b1f53b88b/polars-1.26.0-cp39-abi3-win_amd64.whl", hash = "sha256:189a58aaf393003515fa6d83e2dea815a2b448265f2007a926274ed12672583c", size = 35617074, upload-time = "2025-03-23T11:52:44.279Z" },
    { url = "https://files.pythonhosted.org/packages/af/21/7a76c58203f0806cb5b1155e4994693e618d4de5ca6a34388ae85267ccc4/polars-1.26.0-cp39-abi3-win_arm64.whl", hash = "sha256:58db2dce39cad5f8fc8e8c5c923a250eb21eff4146b03514d570d1c205a4874c", size = 31895936, upload-time = "2025-03-23T11:52:48.566Z" },
]
